
Microsoft Visual Studio Solution File, Format Version 12.00
# Visual Studio Version 17
VisualStudioVersion = 17.11.35327.3
MinimumVisualStudioVersion = 10.0.40219.1
Project("{FAE04EC0-301F-11D3-BF4B-00C04F79EFBC}") = "TGLab1", "TGLab1\TGLab1.csproj", "{6A0EC29C-1D4E-4E07-A181-70D1DB5F6CD2}"
EndProject
Project("{FAE04EC0-301F-11D3-BF4B-00C04F79EFBC}") = "TGLab1.Tests", "TGLab1.Tests\TGLab1.Tests.csproj", "{7209F2E3-FD71-4BED-B310-01DF738EF9AD}"
EndProject
Global
	GlobalSection(SolutionConfigurationPlatforms) = preSolution
		Debug|Any CPU = Debug|Any CPU
		Release|Any CPU = Release|Any CPU
	EndGlobalSection
	GlobalSection(ProjectConfigurationPlatforms) = postSolution
		{6A0EC29C-1D4E-4E07-A181-70D1DB5F6CD2}.Debug|Any CPU.ActiveCfg = Debug|Any CPU
		{6A0EC29C-1D4E-4E07-A181-70D1DB5F6CD2}.Debug|Any CPU.Build.0 = Debug|Any CPU
		{6A0EC29C-1D4E-4E07-A181-70D1DB5F6CD2}.Release|Any CPU.ActiveCfg = Release|Any CPU
		{6A0EC29C-1D4E-4E07-A181-70D1DB5F6CD2}.Release|Any CPU.Build.0 = Release|Any CPU
		{7209F2E3-FD71-4BED-B310-01DF738EF9AD}.Debug|Any CPU.ActiveCfg = Debug|Any CPU
		{7209F2E3-FD71-4BED-B310-01DF738EF9AD}.Debug|Any CPU.Build.0 = Debug|Any CPU
		{7209F2E3-FD71-4BED-B310-01DF738EF9AD}.Release|Any CPU.ActiveCfg = Release|Any CPU
		{7209F2E3-FD71-4BED-B310-01DF738EF9AD}.Release|Any CPU.Build.0 = Release|Any CPU
		{B0E893BD-C270-4A94-88EB-2301E2C130FF}.Debug|Any CPU.ActiveCfg = Debug|Any CPU
		{B0E893BD-C270-4A94-88EB-2301E2C130FF}.Debug|Any CPU.Build.0 = Debug|Any CPU
		{B0E893BD-C270-4A94-88EB-2301E2C130FF}.Release|Any CPU.ActiveCfg = Release|Any CPU
		{B0E893BD-C270-4A94-88EB-2301E2C130FF}.Release|Any CPU.Build.0 = Release|Any CPU
	EndGlobalSection
	GlobalSection(SolutionProperties) = preSolution
		HideSolutionNode = FALSE
	EndGlobalSection
	GlobalSection(ExtensibilityGlobals) = postSolution
		SolutionGuid = {012A1E38-698A-4F77-BF0D-6848D07B045D}
	EndGlobalSection
EndGlobal
